// !$*UTF8*$!
{
	archiveVersion = 1;
	classes = {
	};
	objectVersion = 50;
	objects = {

/* Begin PBXBuildFile section */
		6F0DFBE46C4E8F398CCFD247 /* libPods-CricketTeamSupriya.a in Frameworks */ = {isa = PBXBuildFile; fileRef = 0A634F7E8694361D2D0A6F4E /* libPods-CricketTeamSupriya.a */; };
		942B3B79221EB32F00039BAF /* AppDelegate.swift in Sources */ = {isa = PBXBuildFile; fileRef = 942B3B78221EB32F00039BAF /* AppDelegate.swift */; };
		942B3B7E221EB32F00039BAF /* Main.storyboard in Resources */ = {isa = PBXBuildFile; fileRef = 942B3B7C221EB32F00039BAF /* Main.storyboard */; };
		942B3B80221EB33000039BAF /* Assets.xcassets in Resources */ = {isa = PBXBuildFile; fileRef = 942B3B7F221EB33000039BAF /* Assets.xcassets */; };
		942B3B83221EB33000039BAF /* LaunchScreen.storyboard in Resources */ = {isa = PBXBuildFile; fileRef = 942B3B81221EB33000039BAF /* LaunchScreen.storyboard */; };
		942B3B8E221EB33000039BAF /* CricketTeamSupriyaTests.swift in Sources */ = {isa = PBXBuildFile; fileRef = 942B3B8D221EB33000039BAF /* CricketTeamSupriyaTests.swift */; };
		942B3B99221EB33000039BAF /* CricketTeamSupriyaUITests.swift in Sources */ = {isa = PBXBuildFile; fileRef = 942B3B98221EB33000039BAF /* CricketTeamSupriyaUITests.swift */; };
		942B3BAE221EBD8900039BAF /* Utils.swift in Sources */ = {isa = PBXBuildFile; fileRef = 942B3BAD221EBD8900039BAF /* Utils.swift */; };
		942B3BB0221ECA2100039BAF /* CTPlayersListViewController.swift in Sources */ = {isa = PBXBuildFile; fileRef = 942B3BAF221ECA2100039BAF /* CTPlayersListViewController.swift */; };
		942B3BB2221ECAEF00039BAF /* CTLoginViewController.swift in Sources */ = {isa = PBXBuildFile; fileRef = 942B3BB1221ECAEF00039BAF /* CTLoginViewController.swift */; };
		942B3BB6221EDA0900039BAF /* CTNetworkManager.swift in Sources */ = {isa = PBXBuildFile; fileRef = 942B3BB5221EDA0900039BAF /* CTNetworkManager.swift */; };
		94F98C8E221EE06D00B0FEFC /* CTRequestManager.swift in Sources */ = {isa = PBXBuildFile; fileRef = 94F98C8D221EE06D00B0FEFC /* CTRequestManager.swift */; };
		94F98C90221EE98600B0FEFC /* CTCustomCells.swift in Sources */ = {isa = PBXBuildFile; fileRef = 94F98C8F221EE98600B0FEFC /* CTCustomCells.swift */; };
		94F98CBD221EECD100B0FEFC /* SDWebImagePrefetcher.m in Sources */ = {isa = PBXBuildFile; fileRef = 94F98C95221EECCF00B0FEFC /* SDWebImagePrefetcher.m */; };
		94F98CBE221EECD100B0FEFC /* DACircularProgress in Resources */ = {isa = PBXBuildFile; fileRef = 94F98C97221EECCF00B0FEFC /* DACircularProgress */; };
		94F98CBF221EECD100B0FEFC /* FLAnimatedImage in Resources */ = {isa = PBXBuildFile; fileRef = 94F98C98221EECCF00B0FEFC /* FLAnimatedImage */; };
		94F98CC0221EECD100B0FEFC /* UIImage+WebP.m in Sources */ = {isa = PBXBuildFile; fileRef = 94F98C9E221EECCF00B0FEFC /* UIImage+WebP.m */; };
		94F98CC1221EECD100B0FEFC /* UIImageView+WebCache.m in Sources */ = {isa = PBXBuildFile; fileRef = 94F98CA2221EECD000B0FEFC /* UIImageView+WebCache.m */; };
		94F98CC2221EECD100B0FEFC /* UIView+WebCache.m in Sources */ = {isa = PBXBuildFile; fileRef = 94F98CA7221EECD000B0FEFC /* UIView+WebCache.m */; };
		94F98CC3221EECD100B0FEFC /* SDWebImageCompat.m in Sources */ = {isa = PBXBuildFile; fileRef = 94F98CA8221EECD000B0FEFC /* SDWebImageCompat.m */; };
		94F98CC4221EECD100B0FEFC /* UIImage+MultiFormat.m in Sources */ = {isa = PBXBuildFile; fileRef = 94F98CA9221EECD000B0FEFC /* UIImage+MultiFormat.m */; };
		94F98CC5221EECD100B0FEFC /* SDWebImageManager.m in Sources */ = {isa = PBXBuildFile; fileRef = 94F98CAA221EECD000B0FEFC /* SDWebImageManager.m */; };
		94F98CC6221EECD100B0FEFC /* SDWebImageDecoder.m in Sources */ = {isa = PBXBuildFile; fileRef = 94F98CAB221EECD000B0FEFC /* SDWebImageDecoder.m */; };
		94F98CC7221EECD100B0FEFC /* NSImage+WebCache.m in Sources */ = {isa = PBXBuildFile; fileRef = 94F98CAC221EECD000B0FEFC /* NSImage+WebCache.m */; };
		94F98CC8221EECD100B0FEFC /* SDWebImageDownloaderOperation.m in Sources */ = {isa = PBXBuildFile; fileRef = 94F98CAE221EECD000B0FEFC /* SDWebImageDownloaderOperation.m */; };
		94F98CC9221EECD100B0FEFC /* SDImageCache.m in Sources */ = {isa = PBXBuildFile; fileRef = 94F98CB0221EECD100B0FEFC /* SDImageCache.m */; };
		94F98CCA221EECD100B0FEFC /* NSData+ImageContentType.m in Sources */ = {isa = PBXBuildFile; fileRef = 94F98CB1221EECD100B0FEFC /* NSData+ImageContentType.m */; };
		94F98CCB221EECD100B0FEFC /* SDWebImageDownloader.m in Sources */ = {isa = PBXBuildFile; fileRef = 94F98CB2221EECD100B0FEFC /* SDWebImageDownloader.m */; };
		94F98CCC221EECD100B0FEFC /* UIButton+WebCache.m in Sources */ = {isa = PBXBuildFile; fileRef = 94F98CB4221EECD100B0FEFC /* UIButton+WebCache.m */; };
		94F98CCD221EECD100B0FEFC /* UIImage+GIF.m in Sources */ = {isa = PBXBuildFile; fileRef = 94F98CB6221EECD100B0FEFC /* UIImage+GIF.m */; };
		94F98CCE221EECD100B0FEFC /* UIImageView+HighlightedWebCache.m in Sources */ = {isa = PBXBuildFile; fileRef = 94F98CB7221EECD100B0FEFC /* UIImageView+HighlightedWebCache.m */; };
		94F98CCF221EECD100B0FEFC /* UIView+WebCacheOperation.m in Sources */ = {isa = PBXBuildFile; fileRef = 94F98CB8221EECD100B0FEFC /* UIView+WebCacheOperation.m */; };
		94F98CD0221EECD100B0FEFC /* SDImageCacheConfig.m in Sources */ = {isa = PBXBuildFile; fileRef = 94F98CB9221EECD100B0FEFC /* SDImageCacheConfig.m */; };
		94F98CD1221EECD100B0FEFC /* MKAnnotationView+WebCache.m in Sources */ = {isa = PBXBuildFile; fileRef = 94F98CBA221EECD100B0FEFC /* MKAnnotationView+WebCache.m */; };
/* End PBXBuildFile section */

/* Begin PBXContainerItemProxy section */
		942B3B8A221EB33000039BAF /* PBXContainerItemProxy */ = {
			isa = PBXContainerItemProxy;
			containerPortal = 942B3B6D221EB32E00039BAF /* Project object */;
			proxyType = 1;
			remoteGlobalIDString = 942B3B74221EB32E00039BAF;
			remoteInfo = CricketTeamSupriya;
		};
		942B3B95221EB33000039BAF /* PBXContainerItemProxy */ = {
			isa = PBXContainerItemProxy;
			containerPortal = 942B3B6D221EB32E00039BAF /* Project object */;
			proxyType = 1;
			remoteGlobalIDString = 942B3B74221EB32E00039BAF;
			remoteInfo = CricketTeamSupriya;
		};
/* End PBXContainerItemProxy section */

/* Begin PBXFileReference section */
		0A634F7E8694361D2D0A6F4E /* libPods-CricketTeamSupriya.a */ = {isa = PBXFileReference; explicitFileType = archive.ar; includeInIndex = 0; path = "libPods-CricketTeamSupriya.a"; sourceTree = BUILT_PRODUCTS_DIR; };
		4AE511BDAAE0E0A7FE2DFC68 /* Pods-CricketTeamSupriya.release.xcconfig */ = {isa = PBXFileReference; includeInIndex = 1; lastKnownFileType = text.xcconfig; name = "Pods-CricketTeamSupriya.release.xcconfig"; path = "Target Support Files/Pods-CricketTeamSupriya/Pods-CricketTeamSupriya.release.xcconfig"; sourceTree = "<group>"; };
		942B3B75221EB32F00039BAF /* CricketTeamSupriya.app */ = {isa = PBXFileReference; explicitFileType = wrapper.application; includeInIndex = 0; path = CricketTeamSupriya.app; sourceTree = BUILT_PRODUCTS_DIR; };
		942B3B78221EB32F00039BAF /* AppDelegate.swift */ = {isa = PBXFileReference; lastKnownFileType = sourcecode.swift; path = AppDelegate.swift; sourceTree = "<group>"; };
		942B3B7D221EB32F00039BAF /* Base */ = {isa = PBXFileReference; lastKnownFileType = file.storyboard; name = Base; path = Base.lproj/Main.storyboard; sourceTree = "<group>"; };
		942B3B7F221EB33000039BAF /* Assets.xcassets */ = {isa = PBXFileReference; lastKnownFileType = folder.assetcatalog; path = Assets.xcassets; sourceTree = "<group>"; };
		942B3B82221EB33000039BAF /* Base */ = {isa = PBXFileReference; lastKnownFileType = file.storyboard; name = Base; path = Base.lproj/LaunchScreen.storyboard; sourceTree = "<group>"; };
		942B3B84221EB33000039BAF /* Info.plist */ = {isa = PBXFileReference; lastKnownFileType = text.plist.xml; path = Info.plist; sourceTree = "<group>"; };
		942B3B89221EB33000039BAF /* CricketTeamSupriyaTests.xctest */ = {isa = PBXFileReference; explicitFileType = wrapper.cfbundle; includeInIndex = 0; path = CricketTeamSupriyaTests.xctest; sourceTree = BUILT_PRODUCTS_DIR; };
		942B3B8D221EB33000039BAF /* CricketTeamSupriyaTests.swift */ = {isa = PBXFileReference; lastKnownFileType = sourcecode.swift; path = CricketTeamSupriyaTests.swift; sourceTree = "<group>"; };
		942B3B8F221EB33000039BAF /* Info.plist */ = {isa = PBXFileReference; lastKnownFileType = text.plist.xml; path = Info.plist; sourceTree = "<group>"; };
		942B3B94221EB33000039BAF /* CricketTeamSupriyaUITests.xctest */ = {isa = PBXFileReference; explicitFileType = wrapper.cfbundle; includeInIndex = 0; path = CricketTeamSupriyaUITests.xctest; sourceTree = BUILT_PRODUCTS_DIR; };
		942B3B98221EB33000039BAF /* CricketTeamSupriyaUITests.swift */ = {isa = PBXFileReference; lastKnownFileType = sourcecode.swift; path = CricketTeamSupriyaUITests.swift; sourceTree = "<group>"; };
		942B3B9A221EB33000039BAF /* Info.plist */ = {isa = PBXFileReference; lastKnownFileType = text.plist.xml; path = Info.plist; sourceTree = "<group>"; };
		942B3BAD221EBD8900039BAF /* Utils.swift */ = {isa = PBXFileReference; lastKnownFileType = sourcecode.swift; path = Utils.swift; sourceTree = "<group>"; };
		942B3BAF221ECA2100039BAF /* CTPlayersListViewController.swift */ = {isa = PBXFileReference; lastKnownFileType = sourcecode.swift; path = CTPlayersListViewController.swift; sourceTree = "<group>"; };
		942B3BB1221ECAEF00039BAF /* CTLoginViewController.swift */ = {isa = PBXFileReference; lastKnownFileType = sourcecode.swift; path = CTLoginViewController.swift; sourceTree = "<group>"; };
		942B3BB5221EDA0900039BAF /* CTNetworkManager.swift */ = {isa = PBXFileReference; lastKnownFileType = sourcecode.swift; path = CTNetworkManager.swift; sourceTree = "<group>"; };
		94F98C8D221EE06D00B0FEFC /* CTRequestManager.swift */ = {isa = PBXFileReference; lastKnownFileType = sourcecode.swift; path = CTRequestManager.swift; sourceTree = "<group>"; };
		94F98C8F221EE98600B0FEFC /* CTCustomCells.swift */ = {isa = PBXFileReference; lastKnownFileType = sourcecode.swift; path = CTCustomCells.swift; sourceTree = "<group>"; };
		94F98C93221EECCE00B0FEFC /* CricketTeamSupriya-Bridging-Header.h */ = {isa = PBXFileReference; lastKnownFileType = sourcecode.c.h; path = "CricketTeamSupriya-Bridging-Header.h"; sourceTree = "<group>"; };
		94F98C94221EECCE00B0FEFC /* SDWebImageDownloaderOperation.h */ = {isa = PBXFileReference; fileEncoding = 4; lastKnownFileType = sourcecode.c.h; name = SDWebImageDownloaderOperation.h; path = CricketTeamSupriya/Utils/SDWebImage/SDWebImageDownloaderOperation.h; sourceTree = SOURCE_ROOT; };
		94F98C95221EECCF00B0FEFC /* SDWebImagePrefetcher.m */ = {isa = PBXFileReference; fileEncoding = 4; lastKnownFileType = sourcecode.c.objc; name = SDWebImagePrefetcher.m; path = CricketTeamSupriya/Utils/SDWebImage/SDWebImagePrefetcher.m; sourceTree = SOURCE_ROOT; };
		94F98C96221EECCF00B0FEFC /* SDWebImageDecoder.h */ = {isa = PBXFileReference; fileEncoding = 4; lastKnownFileType = sourcecode.c.h; name = SDWebImageDecoder.h; path = CricketTeamSupriya/Utils/SDWebImage/SDWebImageDecoder.h; sourceTree = SOURCE_ROOT; };
		94F98C97221EECCF00B0FEFC /* DACircularProgress */ = {isa = PBXFileReference; lastKnownFileType = folder; name = DACircularProgress; path = CricketTeamSupriya/Utils/SDWebImage/DACircularProgress; sourceTree = SOURCE_ROOT; };
		94F98C98221EECCF00B0FEFC /* FLAnimatedImage */ = {isa = PBXFileReference; lastKnownFileType = folder; name = FLAnimatedImage; path = CricketTeamSupriya/Utils/SDWebImage/FLAnimatedImage; sourceTree = SOURCE_ROOT; };
		94F98C99221EECCF00B0FEFC /* SDWebImageDownloader.h */ = {isa = PBXFileReference; fileEncoding = 4; lastKnownFileType = sourcecode.c.h; name = SDWebImageDownloader.h; path = CricketTeamSupriya/Utils/SDWebImage/SDWebImageDownloader.h; sourceTree = SOURCE_ROOT; };
		94F98C9A221EECCF00B0FEFC /* SDWebImageOperation.h */ = {isa = PBXFileReference; fileEncoding = 4; lastKnownFileType = sourcecode.c.h; name = SDWebImageOperation.h; path = CricketTeamSupriya/Utils/SDWebImage/SDWebImageOperation.h; sourceTree = SOURCE_ROOT; };
		94F98C9B221EECCF00B0FEFC /* SDWebImageManager.h */ = {isa = PBXFileReference; fileEncoding = 4; lastKnownFileType = sourcecode.c.h; name = SDWebImageManager.h; path = CricketTeamSupriya/Utils/SDWebImage/SDWebImageManager.h; sourceTree = SOURCE_ROOT; };
		94F98C9C221EECCF00B0FEFC /* UIImage+WebP.h */ = {isa = PBXFileReference; fileEncoding = 4; lastKnownFileType = sourcecode.c.h; name = "UIImage+WebP.h"; path = "CricketTeamSupriya/Utils/SDWebImage/UIImage+WebP.h"; sourceTree = SOURCE_ROOT; };
		94F98C9D221EECCF00B0FEFC /* NSImage+WebCache.h */ = {isa = PBXFileReference; fileEncoding = 4; lastKnownFileType = sourcecode.c.h; name = "NSImage+WebCache.h"; path = "CricketTeamSupriya/Utils/SDWebImage/NSImage+WebCache.h"; sourceTree = SOURCE_ROOT; };
		94F98C9E221EECCF00B0FEFC /* UIImage+WebP.m */ = {isa = PBXFileReference; fileEncoding = 4; lastKnownFileType = sourcecode.c.objc; name = "UIImage+WebP.m"; path = "CricketTeamSupriya/Utils/SDWebImage/UIImage+WebP.m"; sourceTree = SOURCE_ROOT; };
		94F98C9F221EECCF00B0FEFC /* UIView+WebCache.h */ = {isa = PBXFileReference; fileEncoding = 4; lastKnownFileType = sourcecode.c.h; name = "UIView+WebCache.h"; path = "CricketTeamSupriya/Utils/SDWebImage/UIView+WebCache.h"; sourceTree = SOURCE_ROOT; };
		94F98CA0221EECCF00B0FEFC /* SDImageCache.h */ = {isa = PBXFileReference; fileEncoding = 4; lastKnownFileType = sourcecode.c.h; name = SDImageCache.h; path = CricketTeamSupriya/Utils/SDWebImage/SDImageCache.h; sourceTree = SOURCE_ROOT; };
		94F98CA1221EECD000B0FEFC /* NSData+ImageContentType.h */ = {isa = PBXFileReference; fileEncoding = 4; lastKnownFileType = sourcecode.c.h; name = "NSData+ImageContentType.h"; path = "CricketTeamSupriya/Utils/SDWebImage/NSData+ImageContentType.h"; sourceTree = SOURCE_ROOT; };
		94F98CA2221EECD000B0FEFC /* UIImageView+WebCache.m */ = {isa = PBXFileReference; fileEncoding = 4; lastKnownFileType = sourcecode.c.objc; name = "UIImageView+WebCache.m"; path = "CricketTeamSupriya/Utils/SDWebImage/UIImageView+WebCache.m"; sourceTree = SOURCE_ROOT; };
		94F98CA3221EECD000B0FEFC /* SDWebImageCompat.h */ = {isa = PBXFileReference; fileEncoding = 4; lastKnownFileType = sourcecode.c.h; name = SDWebImageCompat.h; path = CricketTeamSupriya/Utils/SDWebImage/SDWebImageCompat.h; sourceTree = SOURCE_ROOT; };
		94F98CA4221EECD000B0FEFC /* UIView+WebCacheOperation.h */ = {isa = PBXFileReference; fileEncoding = 4; lastKnownFileType = sourcecode.c.h; name = "UIView+WebCacheOperation.h"; path = "CricketTeamSupriya/Utils/SDWebImage/UIView+WebCacheOperation.h"; sourceTree = SOURCE_ROOT; };
		94F98CA5221EECD000B0FEFC /* SDWebImagePrefetcher.h */ = {isa = PBXFileReference; fileEncoding = 4; lastKnownFileType = sourcecode.c.h; name = SDWebImagePrefetcher.h; path = CricketTeamSupriya/Utils/SDWebImage/SDWebImagePrefetcher.h; sourceTree = SOURCE_ROOT; };
		94F98CA6221EECD000B0FEFC /* UIImage+GIF.h */ = {isa = PBXFileReference; fileEncoding = 4; lastKnownFileType = sourcecode.c.h; name = "UIImage+GIF.h"; path = "CricketTeamSupriya/Utils/SDWebImage/UIImage+GIF.h"; sourceTree = SOURCE_ROOT; };
		94F98CA7221EECD000B0FEFC /* UIView+WebCache.m */ = {isa = PBXFileReference; fileEncoding = 4; lastKnownFileType = sourcecode.c.objc; name = "UIView+WebCache.m"; path = "CricketTeamSupriya/Utils/SDWebImage/UIView+WebCache.m"; sourceTree = SOURCE_ROOT; };
		94F98CA8221EECD000B0FEFC /* SDWebImageCompat.m */ = {isa = PBXFileReference; fileEncoding = 4; lastKnownFileType = sourcecode.c.objc; name = SDWebImageCompat.m; path = CricketTeamSupriya/Utils/SDWebImage/SDWebImageCompat.m; sourceTree = SOURCE_ROOT; };
		94F98CA9221EECD000B0FEFC /* UIImage+MultiFormat.m */ = {isa = PBXFileReference; fileEncoding = 4; lastKnownFileType = sourcecode.c.objc; name = "UIImage+MultiFormat.m"; path = "CricketTeamSupriya/Utils/SDWebImage/UIImage+MultiFormat.m"; sourceTree = SOURCE_ROOT; };
		94F98CAA221EECD000B0FEFC /* SDWebImageManager.m */ = {isa = PBXFileReference; fileEncoding = 4; lastKnownFileType = sourcecode.c.objc; name = SDWebImageManager.m; path = CricketTeamSupriya/Utils/SDWebImage/SDWebImageManager.m; sourceTree = SOURCE_ROOT; };
		94F98CAB221EECD000B0FEFC /* SDWebImageDecoder.m */ = {isa = PBXFileReference; fileEncoding = 4; lastKnownFileType = sourcecode.c.objc; name = SDWebImageDecoder.m; path = CricketTeamSupriya/Utils/SDWebImage/SDWebImageDecoder.m; sourceTree = SOURCE_ROOT; };
		94F98CAC221EECD000B0FEFC /* NSImage+WebCache.m */ = {isa = PBXFileReference; fileEncoding = 4; lastKnownFileType = sourcecode.c.objc; name = "NSImage+WebCache.m"; path = "CricketTeamSupriya/Utils/SDWebImage/NSImage+WebCache.m"; sourceTree = SOURCE_ROOT; };
		94F98CAD221EECD000B0FEFC /* UIImage+MultiFormat.h */ = {isa = PBXFileReference; fileEncoding = 4; lastKnownFileType = sourcecode.c.h; name = "UIImage+MultiFormat.h"; path = "CricketTeamSupriya/Utils/SDWebImage/UIImage+MultiFormat.h"; sourceTree = SOURCE_ROOT; };
		94F98CAE221EECD000B0FEFC /* SDWebImageDownloaderOperation.m */ = {isa = PBXFileReference; fileEncoding = 4; lastKnownFileType = sourcecode.c.objc; name = SDWebImageDownloaderOperation.m; path = CricketTeamSupriya/Utils/SDWebImage/SDWebImageDownloaderOperation.m; sourceTree = SOURCE_ROOT; };
		94F98CAF221EECD000B0FEFC /* UIImageView+WebCache.h */ = {isa = PBXFileReference; fileEncoding = 4; lastKnownFileType = sourcecode.c.h; name = "UIImageView+WebCache.h"; path = "CricketTeamSupriya/Utils/SDWebImage/UIImageView+WebCache.h"; sourceTree = SOURCE_ROOT; };
		94F98CB0221EECD100B0FEFC /* SDImageCache.m */ = {isa = PBXFileReference; fileEncoding = 4; lastKnownFileType = sourcecode.c.objc; name = SDImageCache.m; path = CricketTeamSupriya/Utils/SDWebImage/SDImageCache.m; sourceTree = SOURCE_ROOT; };
		94F98CB1221EECD100B0FEFC /* NSData+ImageContentType.m */ = {isa = PBXFileReference; fileEncoding = 4; lastKnownFileType = sourcecode.c.objc; name = "NSData+ImageContentType.m"; path = "CricketTeamSupriya/Utils/SDWebImage/NSData+ImageContentType.m"; sourceTree = SOURCE_ROOT; };
		94F98CB2221EECD100B0FEFC /* SDWebImageDownloader.m */ = {isa = PBXFileReference; fileEncoding = 4; lastKnownFileType = sourcecode.c.objc; name = SDWebImageDownloader.m; path = CricketTeamSupriya/Utils/SDWebImage/SDWebImageDownloader.m; sourceTree = SOURCE_ROOT; };
		94F98CB3221EECD100B0FEFC /* SDImageCacheConfig.h */ = {isa = PBXFileReference; fileEncoding = 4; lastKnownFileType = sourcecode.c.h; name = SDImageCacheConfig.h; path = CricketTeamSupriya/Utils/SDWebImage/SDImageCacheConfig.h; sourceTree = SOURCE_ROOT; };
		94F98CB4221EECD100B0FEFC /* UIButton+WebCache.m */ = {isa = PBXFileReference; fileEncoding = 4; lastKnownFileType = sourcecode.c.objc; name = "UIButton+WebCache.m"; path = "CricketTeamSupriya/Utils/SDWebImage/UIButton+WebCache.m"; sourceTree = SOURCE_ROOT; };
		94F98CB5221EECD100B0FEFC /* UIImageView+HighlightedWebCache.h */ = {isa = PBXFileReference; fileEncoding = 4; lastKnownFileType = sourcecode.c.h; name = "UIImageView+HighlightedWebCache.h"; path = "CricketTeamSupriya/Utils/SDWebImage/UIImageView+HighlightedWebCache.h"; sourceTree = SOURCE_ROOT; };
		94F98CB6221EECD100B0FEFC /* UIImage+GIF.m */ = {isa = PBXFileReference; fileEncoding = 4; lastKnownFileType = sourcecode.c.objc; name = "UIImage+GIF.m"; path = "CricketTeamSupriya/Utils/SDWebImage/UIImage+GIF.m"; sourceTree = SOURCE_ROOT; };
		94F98CB7221EECD100B0FEFC /* UIImageView+HighlightedWebCache.m */ = {isa = PBXFileReference; fileEncoding = 4; lastKnownFileType = sourcecode.c.objc; name = "UIImageView+HighlightedWebCache.m"; path = "CricketTeamSupriya/Utils/SDWebImage/UIImageView+HighlightedWebCache.m"; sourceTree = SOURCE_ROOT; };
		94F98CB8221EECD100B0FEFC /* UIView+WebCacheOperation.m */ = {isa = PBXFileReference; fileEncoding = 4; lastKnownFileType = sourcecode.c.objc; name = "UIView+WebCacheOperation.m"; path = "CricketTeamSupriya/Utils/SDWebImage/UIView+WebCacheOperation.m"; sourceTree = SOURCE_ROOT; };
		94F98CB9221EECD100B0FEFC /* SDImageCacheConfig.m */ = {isa = PBXFileReference; fileEncoding = 4; lastKnownFileType = sourcecode.c.objc; name = SDImageCacheConfig.m; path = CricketTeamSupriya/Utils/SDWebImage/SDImageCacheConfig.m; sourceTree = SOURCE_ROOT; };
		94F98CBA221EECD100B0FEFC /* MKAnnotationView+WebCache.m */ = {isa = PBXFileReference; fileEncoding = 4; lastKnownFileType = sourcecode.c.objc; name = "MKAnnotationView+WebCache.m"; path = "CricketTeamSupriya/Utils/SDWebImage/MKAnnotationView+WebCache.m"; sourceTree = SOURCE_ROOT; };
		94F98CBB221EECD100B0FEFC /* UIButton+WebCache.h */ = {isa = PBXFileReference; fileEncoding = 4; lastKnownFileType = sourcecode.c.h; name = "UIButton+WebCache.h"; path = "CricketTeamSupriya/Utils/SDWebImage/UIButton+WebCache.h"; sourceTree = SOURCE_ROOT; };
		94F98CBC221EECD100B0FEFC /* MKAnnotationView+WebCache.h */ = {isa = PBXFileReference; fileEncoding = 4; lastKnownFileType = sourcecode.c.h; name = "MKAnnotationView+WebCache.h"; path = "CricketTeamSupriya/Utils/SDWebImage/MKAnnotationView+WebCache.h"; sourceTree = SOURCE_ROOT; };
		94F98CD2221EED0900B0FEFC /* CricketTeamSupriya-Bridging-Header.h */ = {isa = PBXFileReference; lastKnownFileType = sourcecode.c.h; path = "CricketTeamSupriya-Bridging-Header.h"; sourceTree = SOURCE_ROOT; };
		F027DEAEA84BA2BADFC0BD45 /* Pods-CricketTeamSupriya.debug.xcconfig */ = {isa = PBXFileReference; includeInIndex = 1; lastKnownFileType = text.xcconfig; name = "Pods-CricketTeamSupriya.debug.xcconfig"; path = "Target Support Files/Pods-CricketTeamSupriya/Pods-CricketTeamSupriya.debug.xcconfig"; sourceTree = "<group>"; };
/* End PBXFileReference section */

/* Begin PBXFrameworksBuildPhase section */
		942B3B72221EB32E00039BAF /* Frameworks */ = {
			isa = PBXFrameworksBuildPhase;
			buildActionMask = 2147483647;
			files = (
				6F0DFBE46C4E8F398CCFD247 /* libPods-CricketTeamSupriya.a in Frameworks */,
			);
			runOnlyForDeploymentPostprocessing = 0;
		};
		942B3B86221EB33000039BAF /* Frameworks */ = {
			isa = PBXFrameworksBuildPhase;
			buildActionMask = 2147483647;
			files = (
			);
			runOnlyForDeploymentPostprocessing = 0;
		};
		942B3B91221EB33000039BAF /* Frameworks */ = {
			isa = PBXFrameworksBuildPhase;
			buildActionMask = 2147483647;
			files = (
			);
			runOnlyForDeploymentPostprocessing = 0;
		};
/* End PBXFrameworksBuildPhase section */

/* Begin PBXGroup section */
		4A92A8099E0FE2CD0745BB9D /* Frameworks */ = {
			isa = PBXGroup;
			children = (
				0A634F7E8694361D2D0A6F4E /* libPods-CricketTeamSupriya.a */,
			);
			name = Frameworks;
			sourceTree = "<group>";
		};
		942B3B6C221EB32E00039BAF = {
			isa = PBXGroup;
			children = (
				942B3B77221EB32F00039BAF /* CricketTeamSupriya */,
				942B3B8C221EB33000039BAF /* CricketTeamSupriyaTests */,
				942B3B97221EB33000039BAF /* CricketTeamSupriyaUITests */,
				942B3B76221EB32F00039BAF /* Products */,
				F8E28C5C76E46AFF17EEAD8C /* Pods */,
				4A92A8099E0FE2CD0745BB9D /* Frameworks */,
			);
			sourceTree = "<group>";
		};
		942B3B76221EB32F00039BAF /* Products */ = {
			isa = PBXGroup;
			children = (
				942B3B75221EB32F00039BAF /* CricketTeamSupriya.app */,
				942B3B89221EB33000039BAF /* CricketTeamSupriyaTests.xctest */,
				942B3B94221EB33000039BAF /* CricketTeamSupriyaUITests.xctest */,
			);
			name = Products;
			sourceTree = "<group>";
		};
		942B3B77221EB32F00039BAF /* CricketTeamSupriya */ = {
			isa = PBXGroup;
			children = (
				942B3BAC221EBD6A00039BAF /* Utils */,
				942B3BAB221EB4A500039BAF /* Managers */,
				942B3BA7221EB40400039BAF /* Model */,
				942B3BA8221EB41700039BAF /* View */,
				942B3BA6221EB3F900039BAF /* Controllers */,
				942B3B78221EB32F00039BAF /* AppDelegate.swift */,
				94F98CD2221EED0900B0FEFC /* CricketTeamSupriya-Bridging-Header.h */,
				942B3B7F221EB33000039BAF /* Assets.xcassets */,
				942B3B81221EB33000039BAF /* LaunchScreen.storyboard */,
				942B3B84221EB33000039BAF /* Info.plist */,
			);
			path = CricketTeamSupriya;
			sourceTree = "<group>";
		};
		942B3B8C221EB33000039BAF /* CricketTeamSupriyaTests */ = {
			isa = PBXGroup;
			children = (
				942B3B8D221EB33000039BAF /* CricketTeamSupriyaTests.swift */,
				942B3B8F221EB33000039BAF /* Info.plist */,
			);
			path = CricketTeamSupriyaTests;
			sourceTree = "<group>";
		};
		942B3B97221EB33000039BAF /* CricketTeamSupriyaUITests */ = {
			isa = PBXGroup;
			children = (
				942B3B98221EB33000039BAF /* CricketTeamSupriyaUITests.swift */,
				942B3B9A221EB33000039BAF /* Info.plist */,
			);
			path = CricketTeamSupriyaUITests;
			sourceTree = "<group>";
		};
		942B3BA6221EB3F900039BAF /* Controllers */ = {
			isa = PBXGroup;
			children = (
				942B3BB1221ECAEF00039BAF /* CTLoginViewController.swift */,
				942B3BAF221ECA2100039BAF /* CTPlayersListViewController.swift */,
			);
			path = Controllers;
			sourceTree = "<group>";
		};
		942B3BA7221EB40400039BAF /* Model */ = {
			isa = PBXGroup;
			children = (
			);
			path = Model;
			sourceTree = "<group>";
		};
		942B3BA8221EB41700039BAF /* View */ = {
			isa = PBXGroup;
			children = (
				942B3B7C221EB32F00039BAF /* Main.storyboard */,
				94F98C8F221EE98600B0FEFC /* CTCustomCells.swift */,
			);
			path = View;
			sourceTree = "<group>";
		};
		942B3BAB221EB4A500039BAF /* Managers */ = {
			isa = PBXGroup;
			children = (
				94F98C8D221EE06D00B0FEFC /* CTRequestManager.swift */,
				942B3BB5221EDA0900039BAF /* CTNetworkManager.swift */,
			);
			path = Managers;
			sourceTree = "<group>";
		};
		942B3BAC221EBD6A00039BAF /* Utils */ = {
			isa = PBXGroup;
			children = (
				94F98C91221EEC4800B0FEFC /* SDWebImage */,
				942B3BAD221EBD8900039BAF /* Utils.swift */,
			);
			path = Utils;
			sourceTree = "<group>";
		};
		94F98C91221EEC4800B0FEFC /* SDWebImage */ = {
			isa = PBXGroup;
			children = (
				94F98C97221EECCF00B0FEFC /* DACircularProgress */,
				94F98C98221EECCF00B0FEFC /* FLAnimatedImage */,
				94F98CBC221EECD100B0FEFC /* MKAnnotationView+WebCache.h */,
				94F98CBA221EECD100B0FEFC /* MKAnnotationView+WebCache.m */,
				94F98CA1221EECD000B0FEFC /* NSData+ImageContentType.h */,
				94F98CB1221EECD100B0FEFC /* NSData+ImageContentType.m */,
				94F98C9D221EECCF00B0FEFC /* NSImage+WebCache.h */,
				94F98CAC221EECD000B0FEFC /* NSImage+WebCache.m */,
				94F98CA0221EECCF00B0FEFC /* SDImageCache.h */,
				94F98CB0221EECD100B0FEFC /* SDImageCache.m */,
				94F98CB3221EECD100B0FEFC /* SDImageCacheConfig.h */,
				94F98CB9221EECD100B0FEFC /* SDImageCacheConfig.m */,
				94F98CA3221EECD000B0FEFC /* SDWebImageCompat.h */,
				94F98CA8221EECD000B0FEFC /* SDWebImageCompat.m */,
				94F98C96221EECCF00B0FEFC /* SDWebImageDecoder.h */,
				94F98CAB221EECD000B0FEFC /* SDWebImageDecoder.m */,
				94F98C99221EECCF00B0FEFC /* SDWebImageDownloader.h */,
				94F98CB2221EECD100B0FEFC /* SDWebImageDownloader.m */,
				94F98C94221EECCE00B0FEFC /* SDWebImageDownloaderOperation.h */,
				94F98CAE221EECD000B0FEFC /* SDWebImageDownloaderOperation.m */,
				94F98C9B221EECCF00B0FEFC /* SDWebImageManager.h */,
				94F98CAA221EECD000B0FEFC /* SDWebImageManager.m */,
				94F98C9A221EECCF00B0FEFC /* SDWebImageOperation.h */,
				94F98CA5221EECD000B0FEFC /* SDWebImagePrefetcher.h */,
				94F98C95221EECCF00B0FEFC /* SDWebImagePrefetcher.m */,
				94F98CBB221EECD100B0FEFC /* UIButton+WebCache.h */,
				94F98CB4221EECD100B0FEFC /* UIButton+WebCache.m */,
				94F98CA6221EECD000B0FEFC /* UIImage+GIF.h */,
				94F98CB6221EECD100B0FEFC /* UIImage+GIF.m */,
				94F98CAD221EECD000B0FEFC /* UIImage+MultiFormat.h */,
				94F98CA9221EECD000B0FEFC /* UIImage+MultiFormat.m */,
				94F98C9C221EECCF00B0FEFC /* UIImage+WebP.h */,
				94F98C9E221EECCF00B0FEFC /* UIImage+WebP.m */,
				94F98CB5221EECD100B0FEFC /* UIImageView+HighlightedWebCache.h */,
				94F98CB7221EECD100B0FEFC /* UIImageView+HighlightedWebCache.m */,
				94F98CAF221EECD000B0FEFC /* UIImageView+WebCache.h */,
				94F98CA2221EECD000B0FEFC /* UIImageView+WebCache.m */,
				94F98C9F221EECCF00B0FEFC /* UIView+WebCache.h */,
				94F98CA7221EECD000B0FEFC /* UIView+WebCache.m */,
				94F98CA4221EECD000B0FEFC /* UIView+WebCacheOperation.h */,
				94F98CB8221EECD100B0FEFC /* UIView+WebCacheOperation.m */,
				94F98C93221EECCE00B0FEFC /* CricketTeamSupriya-Bridging-Header.h */,
			);
			name = SDWebImage;
			path = "New Group";
			sourceTree = "<group>";
		};
		F8E28C5C76E46AFF17EEAD8C /* Pods */ = {
			isa = PBXGroup;
			children = (
				F027DEAEA84BA2BADFC0BD45 /* Pods-CricketTeamSupriya.debug.xcconfig */,
				4AE511BDAAE0E0A7FE2DFC68 /* Pods-CricketTeamSupriya.release.xcconfig */,
			);
			path = Pods;
			sourceTree = "<group>";
		};
/* End PBXGroup section */

/* Begin PBXNativeTarget section */
		942B3B74221EB32E00039BAF /* CricketTeamSupriya */ = {
			isa = PBXNativeTarget;
			buildConfigurationList = 942B3B9D221EB33000039BAF /* Build configuration list for PBXNativeTarget "CricketTeamSupriya" */;
			buildPhases = (
				030E351A95A1047805A71896 /* [CP] Check Pods Manifest.lock */,
				942B3B71221EB32E00039BAF /* Sources */,
				942B3B72221EB32E00039BAF /* Frameworks */,
				942B3B73221EB32E00039BAF /* Resources */,
			);
			buildRules = (
			);
			dependencies = (
			);
			name = CricketTeamSupriya;
			productName = CricketTeamSupriya;
			productReference = 942B3B75221EB32F00039BAF /* CricketTeamSupriya.app */;
			productType = "com.apple.product-type.application";
		};
		942B3B88221EB33000039BAF /* CricketTeamSupriyaTests */ = {
			isa = PBXNativeTarget;
			buildConfigurationList = 942B3BA0221EB33000039BAF /* Build configuration list for PBXNativeTarget "CricketTeamSupriyaTests" */;
			buildPhases = (
				942B3B85221EB33000039BAF /* Sources */,
				942B3B86221EB33000039BAF /* Frameworks */,
				942B3B87221EB33000039BAF /* Resources */,
			);
			buildRules = (
			);
			dependencies = (
				942B3B8B221EB33000039BAF /* PBXTargetDependency */,
			);
			name = CricketTeamSupriyaTests;
			productName = CricketTeamSupriyaTests;
			productReference = 942B3B89221EB33000039BAF /* CricketTeamSupriyaTests.xctest */;
			productType = "com.apple.product-type.bundle.unit-test";
		};
		942B3B93221EB33000039BAF /* CricketTeamSupriyaUITests */ = {
			isa = PBXNativeTarget;
			buildConfigurationList = 942B3BA3221EB33000039BAF /* Build configuration list for PBXNativeTarget "CricketTeamSupriyaUITests" */;
			buildPhases = (
				942B3B90221EB33000039BAF /* Sources */,
				942B3B91221EB33000039BAF /* Frameworks */,
				942B3B92221EB33000039BAF /* Resources */,
			);
			buildRules = (
			);
			dependencies = (
				942B3B96221EB33000039BAF /* PBXTargetDependency */,
			);
			name = CricketTeamSupriyaUITests;
			productName = CricketTeamSupriyaUITests;
			productReference = 942B3B94221EB33000039BAF /* CricketTeamSupriyaUITests.xctest */;
			productType = "com.apple.product-type.bundle.ui-testing";
		};
/* End PBXNativeTarget section */

/* Begin PBXProject section */
		942B3B6D221EB32E00039BAF /* Project object */ = {
			isa = PBXProject;
			attributes = {
				CLASSPREFIX = CT;
				LastSwiftUpdateCheck = 1010;
				LastUpgradeCheck = 1010;
				ORGANIZATIONNAME = "Supriya Malgaonkar";
				TargetAttributes = {
					942B3B74221EB32E00039BAF = {
						CreatedOnToolsVersion = 10.1;
						LastSwiftMigration = 1010;
					};
					942B3B88221EB33000039BAF = {
						CreatedOnToolsVersion = 10.1;
						TestTargetID = 942B3B74221EB32E00039BAF;
					};
					942B3B93221EB33000039BAF = {
						CreatedOnToolsVersion = 10.1;
						TestTargetID = 942B3B74221EB32E00039BAF;
					};
				};
			};
			buildConfigurationList = 942B3B70221EB32E00039BAF /* Build configuration list for PBXProject "CricketTeamSupriya" */;
			compatibilityVersion = "Xcode 9.3";
			developmentRegion = en;
			hasScannedForEncodings = 0;
			knownRegions = (
				en,
				Base,
			);
			mainGroup = 942B3B6C221EB32E00039BAF;
			productRefGroup = 942B3B76221EB32F00039BAF /* Products */;
			projectDirPath = "";
			projectRoot = "";
			targets = (
				942B3B74221EB32E00039BAF /* CricketTeamSupriya */,
				942B3B88221EB33000039BAF /* CricketTeamSupriyaTests */,
				942B3B93221EB33000039BAF /* CricketTeamSupriyaUITests */,
			);
		};
/* End PBXProject section */

/* Begin PBXResourcesBuildPhase section */
		942B3B73221EB32E00039BAF /* Resources */ = {
			isa = PBXResourcesBuildPhase;
			buildActionMask = 2147483647;
			files = (
				942B3B83221EB33000039BAF /* LaunchScreen.storyboard in Resources */,
				94F98CBE221EECD100B0FEFC /* DACircularProgress in Resources */,
				94F98CBF221EECD100B0FEFC /* FLAnimatedImage in Resources */,
				942B3B80221EB33000039BAF /* Assets.xcassets in Resources */,
				942B3B7E221EB32F00039BAF /* Main.storyboard in Resources */,
			);
			runOnlyForDeploymentPostprocessing = 0;
		};
		942B3B87221EB33000039BAF /* Resources */ = {
			isa = PBXResourcesBuildPhase;
			buildActionMask = 2147483647;
			files = (
			);
			runOnlyForDeploymentPostprocessing = 0;
		};
		942B3B92221EB33000039BAF /* Resources */ = {
			isa = PBXResourcesBuildPhase;
			buildActionMask = 2147483647;
			files = (
			);
			runOnlyForDeploymentPostprocessing = 0;
		};
/* End PBXResourcesBuildPhase section */

/* Begin PBXShellScriptBuildPhase section */
		030E351A95A1047805A71896 /* [CP] Check Pods Manifest.lock */ = {
			isa = PBXShellScriptBuildPhase;
			buildActionMask = 2147483647;
			files = (
			);
			inputFileListPaths = (
			);
			inputPaths = (
				"${PODS_PODFILE_DIR_PATH}/Podfile.lock",
				"${PODS_ROOT}/Manifest.lock",
			);
			name = "[CP] Check Pods Manifest.lock";
			outputFileListPaths = (
			);
			outputPaths = (
				"$(DERIVED_FILE_DIR)/Pods-CricketTeamSupriya-checkManifestLockResult.txt",
			);
			runOnlyForDeploymentPostprocessing = 0;
			shellPath = /bin/sh;
			shellScript = "diff \"${PODS_PODFILE_DIR_PATH}/Podfile.lock\" \"${PODS_ROOT}/Manifest.lock\" > /dev/null\nif [ $? != 0 ] ; then\n    # print error to STDERR\n    echo \"error: The sandbox is not in sync with the Podfile.lock. Run 'pod install' or update your CocoaPods installation.\" >&2\n    exit 1\nfi\n# This output is used by Xcode 'outputs' to avoid re-running this script phase.\necho \"SUCCESS\" > \"${SCRIPT_OUTPUT_FILE_0}\"\n";
			showEnvVarsInLog = 0;
		};
/* End PBXShellScriptBuildPhase section */

/* Begin PBXSourcesBuildPhase section */
		942B3B71221EB32E00039BAF /* Sources */ = {
			isa = PBXSourcesBuildPhase;
			buildActionMask = 2147483647;
			files = (
				94F98CCE221EECD100B0FEFC /* UIImageView+HighlightedWebCache.m in Sources */,
				94F98CCD221EECD100B0FEFC /* UIImage+GIF.m in Sources */,
				94F98CC4221EECD100B0FEFC /* UIImage+MultiFormat.m in Sources */,
				94F98CC9221EECD100B0FEFC /* SDImageCache.m in Sources */,
				94F98CCF221EECD100B0FEFC /* UIView+WebCacheOperation.m in Sources */,
				94F98CD0221EECD100B0FEFC /* SDImageCacheConfig.m in Sources */,
				94F98CC5221EECD100B0FEFC /* SDWebImageManager.m in Sources */,
				94F98CC2221EECD100B0FEFC /* UIView+WebCache.m in Sources */,
				94F98CCB221EECD100B0FEFC /* SDWebImageDownloader.m in Sources */,
				94F98CC3221EECD100B0FEFC /* SDWebImageCompat.m in Sources */,
				94F98C8E221EE06D00B0FEFC /* CTRequestManager.swift in Sources */,
				94F98CCC221EECD100B0FEFC /* UIButton+WebCache.m in Sources */,
				94F98CC0221EECD100B0FEFC /* UIImage+WebP.m in Sources */,
				94F98CC1221EECD100B0FEFC /* UIImageView+WebCache.m in Sources */,
				94F98CC6221EECD100B0FEFC /* SDWebImageDecoder.m in Sources */,
				94F98CC8221EECD100B0FEFC /* SDWebImageDownloaderOperation.m in Sources */,
				94F98CBD221EECD100B0FEFC /* SDWebImagePrefetcher.m in Sources */,
				942B3BB2221ECAEF00039BAF /* CTLoginViewController.swift in Sources */,
				942B3B79221EB32F00039BAF /* AppDelegate.swift in Sources */,
				94F98CCA221EECD100B0FEFC /* NSData+ImageContentType.m in Sources */,
				94F98C90221EE98600B0FEFC /* CTCustomCells.swift in Sources */,
				942B3BB0221ECA2100039BAF /* CTPlayersListViewController.swift in Sources */,
				942B3BAE221EBD8900039BAF /* Utils.swift in Sources */,
				94F98CD1221EECD100B0FEFC /* MKAnnotationView+WebCache.m in Sources */,
				94F98CC7221EECD100B0FEFC /* NSImage+WebCache.m in Sources */,
				942B3BB6221EDA0900039BAF /* CTNetworkManager.swift in Sources */,
			);
			runOnlyForDeploymentPostprocessing = 0;
		};
		942B3B85221EB33000039BAF /* Sources */ = {
			isa = PBXSourcesBuildPhase;
			buildActionMask = 2147483647;
			files = (
				942B3B8E221EB33000039BAF /* CricketTeamSupriyaTests.swift in Sources */,
			);
			runOnlyForDeploymentPostprocessing = 0;
		};
		942B3B90221EB33000039BAF /* Sources */ = {
			isa = PBXSourcesBuildPhase;
			buildActionMask = 2147483647;
			files = (
				942B3B99221EB33000039BAF /* CricketTeamSupriyaUITests.swift in Sources */,
			);
			runOnlyForDeploymentPostprocessing = 0;
		};
/* End PBXSourcesBuildPhase section */

/* Begin PBXTargetDependency section */
		942B3B8B221EB33000039BAF /* PBXTargetDependency */ = {
			isa = PBXTargetDependency;
			target = 942B3B74221EB32E00039BAF /* CricketTeamSupriya */;
			targetProxy = 942B3B8A221EB33000039BAF /* PBXContainerItemProxy */;
		};
		942B3B96221EB33000039BAF /* PBXTargetDependency */ = {
			isa = PBXTargetDependency;
			target = 942B3B74221EB32E00039BAF /* CricketTeamSupriya */;
			targetProxy = 942B3B95221EB33000039BAF /* PBXContainerItemProxy */;
		};
/* End PBXTargetDependency section */

/* Begin PBXVariantGroup section */
		942B3B7C221EB32F00039BAF /* Main.storyboard */ = {
			isa = PBXVariantGroup;
			children = (
				942B3B7D221EB32F00039BAF /* Base */,
			);
			name = Main.storyboard;
			sourceTree = "<group>";
		};
		942B3B81221EB33000039BAF /* LaunchScreen.storyboard */ = {
			isa = PBXVariantGroup;
			children = (
				942B3B82221EB33000039BAF /* Base */,
			);
			name = LaunchScreen.storyboard;
			sourceTree = "<group>";
		};
/* End PBXVariantGroup section */

/* Begin XCBuildConfiguration section */
		942B3B9B221EB33000039BAF /* Debug */ = {
			isa = XCBuildConfiguration;
			buildSettings = {
				ALWAYS_SEARCH_USER_PATHS = NO;
				CLANG_ANALYZER_NONNULL = YES;
				CLANG_ANALYZER_NUMBER_OBJECT_CONVERSION = YES_AGGRESSIVE;
				CLANG_CXX_LANGUAGE_STANDARD = "gnu++14";
				CLANG_CXX_LIBRARY = "libc++";
				CLANG_ENABLE_MODULES = YES;
				CLANG_ENABLE_OBJC_ARC = YES;
				CLANG_ENABLE_OBJC_WEAK = YES;
				CLANG_WARN_BLOCK_CAPTURE_AUTORELEASING = YES;
				CLANG_WARN_BOOL_CONVERSION = YES;
				CLANG_WARN_COMMA = YES;
				CLANG_WARN_CONSTANT_CONVERSION = YES;
				CLANG_WARN_DEPRECATED_OBJC_IMPLEMENTATIONS = YES;
				CLANG_WARN_DIRECT_OBJC_ISA_USAGE = YES_ERROR;
				CLANG_WARN_DOCUMENTATION_COMMENTS = YES;
				CLANG_WARN_EMPTY_BODY = YES;
				CLANG_WARN_ENUM_CONVERSION = YES;
				CLANG_WARN_INFINITE_RECURSION = YES;
				CLANG_WARN_INT_CONVERSION = YES;
				CLANG_WARN_NON_LITERAL_NULL_CONVERSION = YES;
				CLANG_WARN_OBJC_IMPLICIT_RETAIN_SELF = YES;
				CLANG_WARN_OBJC_LITERAL_CONVERSION = YES;
				CLANG_WARN_OBJC_ROOT_CLASS = YES_ERROR;
				CLANG_WARN_RANGE_LOOP_ANALYSIS = YES;
				CLANG_WARN_STRICT_PROTOTYPES = YES;
				CLANG_WARN_SUSPICIOUS_MOVE = YES;
				CLANG_WARN_UNGUARDED_AVAILABILITY = YES_AGGRESSIVE;
				CLANG_WARN_UNREACHABLE_CODE = YES;
				CLANG_WARN__DUPLICATE_METHOD_MATCH = YES;
				CODE_SIGN_IDENTITY = "iPhone Developer";
				COPY_PHASE_STRIP = NO;
				DEBUG_INFORMATION_FORMAT = dwarf;
				ENABLE_STRICT_OBJC_MSGSEND = YES;
				ENABLE_TESTABILITY = YES;
				GCC_C_LANGUAGE_STANDARD = gnu11;
				GCC_DYNAMIC_NO_PIC = NO;
				GCC_NO_COMMON_BLOCKS = YES;
				GCC_OPTIMIZATION_LEVEL = 0;
				GCC_PREPROCESSOR_DEFINITIONS = (
					"DEBUG=1",
					"$(inherited)",
				);
				GCC_WARN_64_TO_32_BIT_CONVERSION = YES;
				GCC_WARN_ABOUT_RETURN_TYPE = YES_ERROR;
				GCC_WARN_UNDECLARED_SELECTOR = YES;
				GCC_WARN_UNINITIALIZED_AUTOS = YES_AGGRESSIVE;
				GCC_WARN_UNUSED_FUNCTION = YES;
				GCC_WARN_UNUSED_VARIABLE = YES;
				IPHONEOS_DEPLOYMENT_TARGET = 12.1;
				MTL_ENABLE_DEBUG_INFO = INCLUDE_SOURCE;
				MTL_FAST_MATH = YES;
				ONLY_ACTIVE_ARCH = YES;
				SDKROOT = iphoneos;
				SWIFT_ACTIVE_COMPILATION_CONDITIONS = DEBUG;
				SWIFT_OPTIMIZATION_LEVEL = "-Onone";
			};
			name = Debug;
		};
		942B3B9C221EB33000039BAF /* Release */ = {
			isa = XCBuildConfiguration;
			buildSettings = {
				ALWAYS_SEARCH_USER_PATHS = NO;
				CLANG_ANALYZER_NONNULL = YES;
				CLANG_ANALYZER_NUMBER_OBJECT_CONVERSION = YES_AGGRESSIVE;
				CLANG_CXX_LANGUAGE_STANDARD = "gnu++14";
				CLANG_CXX_LIBRARY = "libc++";
				CLANG_ENABLE_MODULES = YES;
				CLANG_ENABLE_OBJC_ARC = YES;
				CLANG_ENABLE_OBJC_WEAK = YES;
				CLANG_WARN_BLOCK_CAPTURE_AUTORELEASING = YES;
				CLANG_WARN_BOOL_CONVERSION = YES;
				CLANG_WARN_COMMA = YES;
				CLANG_WARN_CONSTANT_CONVERSION = YES;
				CLANG_WARN_DEPRECATED_OBJC_IMPLEMENTATIONS = YES;
				CLANG_WARN_DIRECT_OBJC_ISA_USAGE = YES_ERROR;
				CLANG_WARN_DOCUMENTATION_COMMENTS = YES;
				CLANG_WARN_EMPTY_BODY = YES;
				CLANG_WARN_ENUM_CONVERSION = YES;
				CLANG_WARN_INFINITE_RECURSION = YES;
				CLANG_WARN_INT_CONVERSION = YES;
				CLANG_WARN_NON_LITERAL_NULL_CONVERSION = YES;
				CLANG_WARN_OBJC_IMPLICIT_RETAIN_SELF = YES;
				CLANG_WARN_OBJC_LITERAL_CONVERSION = YES;
				CLANG_WARN_OBJC_ROOT_CLASS = YES_ERROR;
				CLANG_WARN_RANGE_LOOP_ANALYSIS = YES;
				CLANG_WARN_STRICT_PROTOTYPES = YES;
				CLANG_WARN_SUSPICIOUS_MOVE = YES;
				CLANG_WARN_UNGUARDED_AVAILABILITY = YES_AGGRESSIVE;
				CLANG_WARN_UNREACHABLE_CODE = YES;
				CLANG_WARN__DUPLICATE_METHOD_MATCH = YES;
				CODE_SIGN_IDENTITY = "iPhone Developer";
				COPY_PHASE_STRIP = NO;
				DEBUG_INFORMATION_FORMAT = "dwarf-with-dsym";
				ENABLE_NS_ASSERTIONS = NO;
				ENABLE_STRICT_OBJC_MSGSEND = YES;
				GCC_C_LANGUAGE_STANDARD = gnu11;
				GCC_NO_COMMON_BLOCKS = YES;
				GCC_WARN_64_TO_32_BIT_CONVERSION = YES;
				GCC_WARN_ABOUT_RETURN_TYPE = YES_ERROR;
				GCC_WARN_UNDECLARED_SELECTOR = YES;
				GCC_WARN_UNINITIALIZED_AUTOS = YES_AGGRESSIVE;
				GCC_WARN_UNUSED_FUNCTION = YES;
				GCC_WARN_UNUSED_VARIABLE = YES;
				IPHONEOS_DEPLOYMENT_TARGET = 12.1;
				MTL_ENABLE_DEBUG_INFO = NO;
				MTL_FAST_MATH = YES;
				SDKROOT = iphoneos;
				SWIFT_COMPILATION_MODE = wholemodule;
				SWIFT_OPTIMIZATION_LEVEL = "-O";
				VALIDATE_PRODUCT = YES;
			};
			name = Release;
		};
		942B3B9E221EB33000039BAF /* Debug */ = {
			isa = XCBuildConfiguration;
			baseConfigurationReference = F027DEAEA84BA2BADFC0BD45 /* Pods-CricketTeamSupriya.debug.xcconfig */;
			buildSettings = {
				ASSETCATALOG_COMPILER_APPICON_NAME = AppIcon;
				CLANG_ENABLE_MODULES = YES;
				CODE_SIGN_STYLE = Automatic;
				DEVELOPMENT_TEAM = B2365TQN7U;
				INFOPLIST_FILE = CricketTeamSupriya/Info.plist;
				LD_RUNPATH_SEARCH_PATHS = (
					"$(inherited)",
					"@executable_path/Frameworks",
				);
				ONLY_ACTIVE_ARCH = NO;
				PRODUCT_BUNDLE_IDENTIFIER = com.spm.CricketTeamSupriya;
				PRODUCT_NAME = "$(TARGET_NAME)";
				SWIFT_OBJC_BRIDGING_HEADER = "CricketTeamSupriya/Utils/New Group/CricketTeamSupriya-Bridging-Header.h";
				SWIFT_OPTIMIZATION_LEVEL = "-Onone";
				SWIFT_VERSION = 4.2;
				TARGETED_DEVICE_FAMILY = "1,2";
			};
			name = Debug;
		};
		942B3B9F221EB33000039BAF /* Release */ = {
			isa = XCBuildConfiguration;
			baseConfigurationReference = 4AE511BDAAE0E0A7FE2DFC68 /* Pods-CricketTeamSupriya.release.xcconfig */;
			buildSettings = {
				ASSETCATALOG_COMPILER_APPICON_NAME = AppIcon;
				CLANG_ENABLE_MODULES = YES;
				CODE_SIGN_STYLE = Automatic;
				DEVELOPMENT_TEAM = B2365TQN7U;
				INFOPLIST_FILE = CricketTeamSupriya/Info.plist;
				LD_RUNPATH_SEARCH_PATHS = (
					"$(inherited)",
					"@executable_path/Frameworks",
				);
				PRODUCT_BUNDLE_IDENTIFIER = com.spm.CricketTeamSupriya;
				PRODUCT_NAME = "$(TARGET_NAME)";
				SWIFT_OBJC_BRIDGING_HEADER = "CricketTeamSupriya/Utils/New Group/CricketTeamSupriya-Bridging-Header.h";
				SWIFT_VERSION = 4.2;
				TARGETED_DEVICE_FAMILY = "1,2";
			};
			name = Release;
		};
		942B3BA1221EB33000039BAF /* Debug */ = {
			isa = XCBuildConfiguration;
			buildSettings = {
				ALWAYS_EMBED_SWIFT_STANDARD_LIBRARIES = YES;
				BUNDLE_LOADER = "$(TEST_HOST)";
				CODE_SIGN_STYLE = Automatic;
				INFOPLIST_FILE = CricketTeamSupriyaTests/Info.plist;
				LD_RUNPATH_SEARCH_PATHS = (
					"$(inherited)",
					"@executable_path/Frameworks",
					"@loader_path/Frameworks",
				);
				PRODUCT_BUNDLE_IDENTIFIER = com.spm.CricketTeamSupriyaTests;
				PRODUCT_NAME = "$(TARGET_NAME)";
				SWIFT_VERSION = 4.2;
				TARGETED_DEVICE_FAMILY = "1,2";
				TEST_HOST = "$(BUILT_PRODUCTS_DIR)/CricketTeamSupriya.app/CricketTeamSupriya";
			};
			name = Debug;
		};
		942B3BA2221EB33000039BAF /* Release */ = {
			isa = XCBuildConfiguration;
			buildSettings = {
				ALWAYS_EMBED_SWIFT_STANDARD_LIBRARIES = YES;
				BUNDLE_LOADER = "$(TEST_HOST)";
				CODE_SIGN_STYLE = Automatic;
				INFOPLIST_FILE = CricketTeamSupriyaTests/Info.plist;
				LD_RUNPATH_SEARCH_PATHS = (
					"$(inherited)",
					"@executable_path/Frameworks",
					"@loader_path/Frameworks",
				);
				PRODUCT_BUNDLE_IDENTIFIER = com.spm.CricketTeamSupriyaTests;
				PRODUCT_NAME = "$(TARGET_NAME)";
				SWIFT_VERSION = 4.2;
				TARGETED_DEVICE_FAMILY = "1,2";
				TEST_HOST = "$(BUILT_PRODUCTS_DIR)/CricketTeamSupriya.app/CricketTeamSupriya";
			};
			name = Release;
		};
		942B3BA4221EB33000039BAF /* Debug */ = {
			isa = XCBuildConfiguration;
			buildSettings = {
				ALWAYS_EMBED_SWIFT_STANDARD_LIBRARIES = YES;
				CODE_SIGN_STYLE = Automatic;
				INFOPLIST_FILE = CricketTeamSupriyaUITests/Info.plist;
				LD_RUNPATH_SEARCH_PATHS = (
					"$(inherited)",
					"@executable_path/Frameworks",
					"@loader_path/Frameworks",
				);
				PRODUCT_BUNDLE_IDENTIFIER = com.spm.CricketTeamSupriyaUITests;
				PRODUCT_NAME = "$(TARGET_NAME)";
				SWIFT_VERSION = 4.2;
				TARGETED_DEVICE_FAMILY = "1,2";
				TEST_TARGET_NAME = CricketTeamSupriya;
			};
			name = Debug;
		};
		942B3BA5221EB33000039BAF /* Release */ = {
			isa = XCBuildConfiguration;
			buildSettings = {
				ALWAYS_EMBED_SWIFT_STANDARD_LIBRARIES = YES;
				CODE_SIGN_STYLE = Automatic;
				INFOPLIST_FILE = CricketTeamSupriyaUITests/Info.plist;
				LD_RUNPATH_SEARCH_PATHS = (
					"$(inherited)",
					"@executable_path/Frameworks",
					"@loader_path/Frameworks",
				);
				PRODUCT_BUNDLE_IDENTIFIER = com.spm.CricketTeamSupriyaUITests;
				PRODUCT_NAME = "$(TARGET_NAME)";
				SWIFT_VERSION = 4.2;
				TARGETED_DEVICE_FAMILY = "1,2";
				TEST_TARGET_NAME = CricketTeamSupriya;
			};
			name = Release;
		};
/* End XCBuildConfiguration section */

/* Begin XCConfigurationList section */
		942B3B70221EB32E00039BAF /* Build configuration list for PBXProject "CricketTeamSupriya" */ = {
			isa = XCConfigurationList;
			buildConfigurations = (
				942B3B9B221EB33000039BAF /* Debug */,
				942B3B9C221EB33000039BAF /* Release */,
			);
			defaultConfigurationIsVisible = 0;
			defaultConfigurationName = Release;
		};
		942B3B9D221EB33000039BAF /* Build configuration list for PBXNativeTarget "CricketTeamSupriya" */ = {
			isa = XCConfigurationList;
			buildConfigurations = (
				942B3B9E221EB33000039BAF /* Debug */,
				942B3B9F221EB33000039BAF /* Release */,
			);
			defaultConfigurationIsVisible = 0;
			defaultConfigurationName = Release;
		};
		942B3BA0221EB33000039BAF /* Build configuration list for PBXNativeTarget "CricketTeamSupriyaTests" */ = {
			isa = XCConfigurationList;
			buildConfigurations = (
				942B3BA1221EB33000039BAF /* Debug */,
				942B3BA2221EB33000039BAF /* Release */,
			);
			defaultConfigurationIsVisible = 0;
			defaultConfigurationName = Release;
		};
		942B3BA3221EB33000039BAF /* Build configuration list for PBXNativeTarget "CricketTeamSupriyaUITests" */ = {
			isa = XCConfigurationList;
			buildConfigurations = (
				942B3BA4221EB33000039BAF /* Debug */,
				942B3BA5221EB33000039BAF /* Release */,
			);
			defaultConfigurationIsVisible = 0;
			defaultConfigurationName = Release;
		};
/* End XCConfigurationList section */
	};
	rootObject = 942B3B6D221EB32E00039BAF /* Project object */;
}
