// !$*UTF8*$!
{
	archiveVersion = 1;
	classes = {
	};
	objectVersion = 50;
	objects = {

/* Begin PBXBuildFile section */
		942B3B79221EB32F00039BAF /* AppDelegate.swift in Sources */ = {isa = PBXBuildFile; fileRef = 942B3B78221EB32F00039BAF /* AppDelegate.swift */; };
		942B3B7B221EB32F00039BAF /* ViewController.swift in Sources */ = {isa = PBXBuildFile; fileRef = 942B3B7A221EB32F00039BAF /* ViewController.swift */; };
		942B3B7E221EB32F00039BAF /* Main.storyboard in Resources */ = {isa = PBXBuildFile; fileRef = 942B3B7C221EB32F00039BAF /* Main.storyboard */; };
		942B3B80221EB33000039BAF /* Assets.xcassets in Resources */ = {isa = PBXBuildFile; fileRef = 942B3B7F221EB33000039BAF /* Assets.xcassets */; };
		942B3B83221EB33000039BAF /* LaunchScreen.storyboard in Resources */ = {isa = PBXBuildFile; fileRef = 942B3B81221EB33000039BAF /* LaunchScreen.storyboard */; };
		942B3B8E221EB33000039BAF /* CricketTeamSupriyaTests.swift in Sources */ = {isa = PBXBuildFile; fileRef = 942B3B8D221EB33000039BAF /* CricketTeamSupriyaTests.swift */; };
		942B3B99221EB33000039BAF /* CricketTeamSupriyaUITests.swift in Sources */ = {isa = PBXBuildFile; fileRef = 942B3B98221EB33000039BAF /* CricketTeamSupriyaUITests.swift */; };
/* End PBXBuildFile section */

/* Begin PBXContainerItemProxy section */
		942B3B8A221EB33000039BAF /* PBXContainerItemProxy */ = {
			isa = PBXContainerItemProxy;
			containerPortal = 942B3B6D221EB32E00039BAF /* Project object */;
			proxyType = 1;
			remoteGlobalIDString = 942B3B74221EB32E00039BAF;
			remoteInfo = CricketTeamSupriya;
		};
		942B3B95221EB33000039BAF /* PBXContainerItemProxy */ = {
			isa = PBXContainerItemProxy;
			containerPortal = 942B3B6D221EB32E00039BAF /* Project object */;
			proxyType = 1;
			remoteGlobalIDString = 942B3B74221EB32E00039BAF;
			remoteInfo = CricketTeamSupriya;
		};
/* End PBXContainerItemProxy section */

/* Begin PBXFileReference section */
		942B3B75221EB32F00039BAF /* CricketTeamSupriya.app */ = {isa = PBXFileReference; explicitFileType = wrapper.application; includeInIndex = 0; path = CricketTeamSupriya.app; sourceTree = BUILT_PRODUCTS_DIR; };
		942B3B78221EB32F00039BAF /* AppDelegate.swift */ = {isa = PBXFileReference; lastKnownFileType = sourcecode.swift; path = AppDelegate.swift; sourceTree = "<group>"; };
		942B3B7A221EB32F00039BAF /* ViewController.swift */ = {isa = PBXFileReference; lastKnownFileType = sourcecode.swift; path = ViewController.swift; sourceTree = "<group>"; };
		942B3B7D221EB32F00039BAF /* Base */ = {isa = PBXFileReference; lastKnownFileType = file.storyboard; name = Base; path = Base.lproj/Main.storyboard; sourceTree = "<group>"; };
		942B3B7F221EB33000039BAF /* Assets.xcassets */ = {isa = PBXFileReference; lastKnownFileType = folder.assetcatalog; path = Assets.xcassets; sourceTree = "<group>"; };
		942B3B82221EB33000039BAF /* Base */ = {isa = PBXFileReference; lastKnownFileType = file.storyboard; name = Base; path = Base.lproj/LaunchScreen.storyboard; sourceTree = "<group>"; };
		942B3B84221EB33000039BAF /* Info.plist */ = {isa = PBXFileReference; lastKnownFileType = text.plist.xml; path = Info.plist; sourceTree = "<group>"; };
		942B3B89221EB33000039BAF /* CricketTeamSupriyaTests.xctest */ = {isa = PBXFileReference; explicitFileType = wrapper.cfbundle; includeInIndex = 0; path = CricketTeamSupriyaTests.xctest; sourceTree = BUILT_PRODUCTS_DIR; };
		942B3B8D221EB33000039BAF /* CricketTeamSupriyaTests.swift */ = {isa = PBXFileReference; lastKnownFileType = sourcecode.swift; path = CricketTeamSupriyaTests.swift; sourceTree = "<group>"; };
		942B3B8F221EB33000039BAF /* Info.plist */ = {isa = PBXFileReference; lastKnownFileType = text.plist.xml; path = Info.plist; sourceTree = "<group>"; };
		942B3B94221EB33000039BAF /* CricketTeamSupriyaUITests.xctest */ = {isa = PBXFileReference; explicitFileType = wrapper.cfbundle; includeInIndex = 0; path = CricketTeamSupriyaUITests.xctest; sourceTree = BUILT_PRODUCTS_DIR; };
		942B3B98221EB33000039BAF /* CricketTeamSupriyaUITests.swift */ = {isa = PBXFileReference; lastKnownFileType = sourcecode.swift; path = CricketTeamSupriyaUITests.swift; sourceTree = "<group>"; };
		942B3B9A221EB33000039BAF /* Info.plist */ = {isa = PBXFileReference; lastKnownFileType = text.plist.xml; path = Info.plist; sourceTree = "<group>"; };
/* End PBXFileReference section */

/* Begin PBXFrameworksBuildPhase section */
		942B3B72221EB32E00039BAF /* Frameworks */ = {
			isa = PBXFrameworksBuildPhase;
			buildActionMask = 2147483647;
			files = (
			);
			runOnlyForDeploymentPostprocessing = 0;
		};
		942B3B86221EB33000039BAF /* Frameworks */ = {
			isa = PBXFrameworksBuildPhase;
			buildActionMask = 2147483647;
			files = (
			);
			runOnlyForDeploymentPostprocessing = 0;
		};
		942B3B91221EB33000039BAF /* Frameworks */ = {
			isa = PBXFrameworksBuildPhase;
			buildActionMask = 2147483647;
			files = (
			);
			runOnlyForDeploymentPostprocessing = 0;
		};
/* End PBXFrameworksBuildPhase section */

/* Begin PBXGroup section */
		942B3B6C221EB32E00039BAF = {
			isa = PBXGroup;
			children = (
				942B3B77221EB32F00039BAF /* CricketTeamSupriya */,
				942B3B8C221EB33000039BAF /* CricketTeamSupriyaTests */,
				942B3B97221EB33000039BAF /* CricketTeamSupriyaUITests */,
				942B3B76221EB32F00039BAF /* Products */,
			);
			sourceTree = "<group>";
		};
		942B3B76221EB32F00039BAF /* Products */ = {
			isa = PBXGroup;
			children = (
				942B3B75221EB32F00039BAF /* CricketTeamSupriya.app */,
				942B3B89221EB33000039BAF /* CricketTeamSupriyaTests.xctest */,
				942B3B94221EB33000039BAF /* CricketTeamSupriyaUITests.xctest */,
			);
			name = Products;
			sourceTree = "<group>";
		};
		942B3B77221EB32F00039BAF /* CricketTeamSupriya */ = {
			isa = PBXGroup;
			children = (
				942B3B78221EB32F00039BAF /* AppDelegate.swift */,
				942B3B7A221EB32F00039BAF /* ViewController.swift */,
				942B3B7C221EB32F00039BAF /* Main.storyboard */,
				942B3B7F221EB33000039BAF /* Assets.xcassets */,
				942B3B81221EB33000039BAF /* LaunchScreen.storyboard */,
				942B3B84221EB33000039BAF /* Info.plist */,
			);
			path = CricketTeamSupriya;
			sourceTree = "<group>";
		};
		942B3B8C221EB33000039BAF /* CricketTeamSupriyaTests */ = {
			isa = PBXGroup;
			children = (
				942B3B8D221EB33000039BAF /* CricketTeamSupriyaTests.swift */,
				942B3B8F221EB33000039BAF /* Info.plist */,
			);
			path = CricketTeamSupriyaTests;
			sourceTree = "<group>";
		};
		942B3B97221EB33000039BAF /* CricketTeamSupriyaUITests */ = {
			isa = PBXGroup;
			children = (
				942B3B98221EB33000039BAF /* CricketTeamSupriyaUITests.swift */,
				942B3B9A221EB33000039BAF /* Info.plist */,
			);
			path = CricketTeamSupriyaUITests;
			sourceTree = "<group>";
		};
/* End PBXGroup section */

/* Begin PBXNativeTarget section */
		942B3B74221EB32E00039BAF /* CricketTeamSupriya */ = {
			isa = PBXNativeTarget;
			buildConfigurationList = 942B3B9D221EB33000039BAF /* Build configuration list for PBXNativeTarget "CricketTeamSupriya" */;
			buildPhases = (
				942B3B71221EB32E00039BAF /* Sources */,
				942B3B72221EB32E00039BAF /* Frameworks */,
				942B3B73221EB32E00039BAF /* Resources */,
			);
			buildRules = (
			);
			dependencies = (
			);
			name = CricketTeamSupriya;
			productName = CricketTeamSupriya;
			productReference = 942B3B75221EB32F00039BAF /* CricketTeamSupriya.app */;
			productType = "com.apple.product-type.application";
		};
		942B3B88221EB33000039BAF /* CricketTeamSupriyaTests */ = {
			isa = PBXNativeTarget;
			buildConfigurationList = 942B3BA0221EB33000039BAF /* Build configuration list for PBXNativeTarget "CricketTeamSupriyaTests" */;
			buildPhases = (
				942B3B85221EB33000039BAF /* Sources */,
				942B3B86221EB33000039BAF /* Frameworks */,
				942B3B87221EB33000039BAF /* Resources */,
			);
			buildRules = (
			);
			dependencies = (
				942B3B8B221EB33000039BAF /* PBXTargetDependency */,
			);
			name = CricketTeamSupriyaTests;
			productName = CricketTeamSupriyaTests;
			productReference = 942B3B89221EB33000039BAF /* CricketTeamSupriyaTests.xctest */;
			productType = "com.apple.product-type.bundle.unit-test";
		};
		942B3B93221EB33000039BAF /* CricketTeamSupriyaUITests */ = {
			isa = PBXNativeTarget;
			buildConfigurationList = 942B3BA3221EB33000039BAF /* Build configuration list for PBXNativeTarget "CricketTeamSupriyaUITests" */;
			buildPhases = (
				942B3B90221EB33000039BAF /* Sources */,
				942B3B91221EB33000039BAF /* Frameworks */,
				942B3B92221EB33000039BAF /* Resources */,
			);
			buildRules = (
			);
			dependencies = (
				942B3B96221EB33000039BAF /* PBXTargetDependency */,
			);
			name = CricketTeamSupriyaUITests;
			productName = CricketTeamSupriyaUITests;
			productReference = 942B3B94221EB33000039BAF /* CricketTeamSupriyaUITests.xctest */;
			productType = "com.apple.product-type.bundle.ui-testing";
		};
/* End PBXNativeTarget section */

/* Begin PBXProject section */
		942B3B6D221EB32E00039BAF /* Project object */ = {
			isa = PBXProject;
			attributes = {
				LastSwiftUpdateCheck = 1010;
				LastUpgradeCheck = 1010;
				ORGANIZATIONNAME = "Supriya Malgaonkar";
				TargetAttributes = {
					942B3B74221EB32E00039BAF = {
						CreatedOnToolsVersion = 10.1;
					};
					942B3B88221EB33000039BAF = {
						CreatedOnToolsVersion = 10.1;
						TestTargetID = 942B3B74221EB32E00039BAF;
					};
					942B3B93221EB33000039BAF = {
						CreatedOnToolsVersion = 10.1;
						TestTargetID = 942B3B74221EB32E00039BAF;
					};
				};
			};
			buildConfigurationList = 942B3B70221EB32E00039BAF /* Build configuration list for PBXProject "CricketTeamSupriya" */;
			compatibilityVersion = "Xcode 9.3";
			developmentRegion = en;
			hasScannedForEncodings = 0;
			knownRegions = (
				en,
				Base,
			);
			mainGroup = 942B3B6C221EB32E00039BAF;
			productRefGroup = 942B3B76221EB32F00039BAF /* Products */;
			projectDirPath = "";
			projectRoot = "";
			targets = (
				942B3B74221EB32E00039BAF /* CricketTeamSupriya */,
				942B3B88221EB33000039BAF /* CricketTeamSupriyaTests */,
				942B3B93221EB33000039BAF /* CricketTeamSupriyaUITests */,
			);
		};
/* End PBXProject section */

/* Begin PBXResourcesBuildPhase section */
		942B3B73221EB32E00039BAF /* Resources */ = {
			isa = PBXResourcesBuildPhase;
			buildActionMask = 2147483647;
			files = (
				942B3B83221EB33000039BAF /* LaunchScreen.storyboard in Resources */,
				942B3B80221EB33000039BAF /* Assets.xcassets in Resources */,
				942B3B7E221EB32F00039BAF /* Main.storyboard in Resources */,
			);
			runOnlyForDeploymentPostprocessing = 0;
		};
		942B3B87221EB33000039BAF /* Resources */ = {
			isa = PBXResourcesBuildPhase;
			buildActionMask = 2147483647;
			files = (
			);
			runOnlyForDeploymentPostprocessing = 0;
		};
		942B3B92221EB33000039BAF /* Resources */ = {
			isa = PBXResourcesBuildPhase;
			buildActionMask = 2147483647;
			files = (
			);
			runOnlyForDeploymentPostprocessing = 0;
		};
/* End PBXResourcesBuildPhase section */

/* Begin PBXSourcesBuildPhase section */
		942B3B71221EB32E00039BAF /* Sources */ = {
			isa = PBXSourcesBuildPhase;
			buildActionMask = 2147483647;
			files = (
				942B3B7B221EB32F00039BAF /* ViewController.swift in Sources */,
				942B3B79221EB32F00039BAF /* AppDelegate.swift in Sources */,
			);
			runOnlyForDeploymentPostprocessing = 0;
		};
		942B3B85221EB33000039BAF /* Sources */ = {
			isa = PBXSourcesBuildPhase;
			buildActionMask = 2147483647;
			files = (
				942B3B8E221EB33000039BAF /* CricketTeamSupriyaTests.swift in Sources */,
			);
			runOnlyForDeploymentPostprocessing = 0;
		};
		942B3B90221EB33000039BAF /* Sources */ = {
			isa = PBXSourcesBuildPhase;
			buildActionMask = 2147483647;
			files = (
				942B3B99221EB33000039BAF /* CricketTeamSupriyaUITests.swift in Sources */,
			);
			runOnlyForDeploymentPostprocessing = 0;
		};
/* End PBXSourcesBuildPhase section */

/* Begin PBXTargetDependency section */
		942B3B8B221EB33000039BAF /* PBXTargetDependency */ = {
			isa = PBXTargetDependency;
			target = 942B3B74221EB32E00039BAF /* CricketTeamSupriya */;
			targetProxy = 942B3B8A221EB33000039BAF /* PBXContainerItemProxy */;
		};
		942B3B96221EB33000039BAF /* PBXTargetDependency */ = {
			isa = PBXTargetDependency;
			target = 942B3B74221EB32E00039BAF /* CricketTeamSupriya */;
			targetProxy = 942B3B95221EB33000039BAF /* PBXContainerItemProxy */;
		};
/* End PBXTargetDependency section */

/* Begin PBXVariantGroup section */
		942B3B7C221EB32F00039BAF /* Main.storyboard */ = {
			isa = PBXVariantGroup;
			children = (
				942B3B7D221EB32F00039BAF /* Base */,
			);
			name = Main.storyboard;
			sourceTree = "<group>";
		};
		942B3B81221EB33000039BAF /* LaunchScreen.storyboard */ = {
			isa = PBXVariantGroup;
			children = (
				942B3B82221EB33000039BAF /* Base */,
			);
			name = LaunchScreen.storyboard;
			sourceTree = "<group>";
		};
/* End PBXVariantGroup section */

/* Begin XCBuildConfiguration section */
		942B3B9B221EB33000039BAF /* Debug */ = {
			isa = XCBuildConfiguration;
			buildSettings = {
				ALWAYS_SEARCH_USER_PATHS = NO;
				CLANG_ANALYZER_NONNULL = YES;
				CLANG_ANALYZER_NUMBER_OBJECT_CONVERSION = YES_AGGRESSIVE;
				CLANG_CXX_LANGUAGE_STANDARD = "gnu++14";
				CLANG_CXX_LIBRARY = "libc++";
				CLANG_ENABLE_MODULES = YES;
				CLANG_ENABLE_OBJC_ARC = YES;
				CLANG_ENABLE_OBJC_WEAK = YES;
				CLANG_WARN_BLOCK_CAPTURE_AUTORELEASING = YES;
				CLANG_WARN_BOOL_CONVERSION = YES;
				CLANG_WARN_COMMA = YES;
				CLANG_WARN_CONSTANT_CONVERSION = YES;
				CLANG_WARN_DEPRECATED_OBJC_IMPLEMENTATIONS = YES;
				CLANG_WARN_DIRECT_OBJC_ISA_USAGE = YES_ERROR;
				CLANG_WARN_DOCUMENTATION_COMMENTS = YES;
				CLANG_WARN_EMPTY_BODY = YES;
				CLANG_WARN_ENUM_CONVERSION = YES;
				CLANG_WARN_INFINITE_RECURSION = YES;
				CLANG_WARN_INT_CONVERSION = YES;
				CLANG_WARN_NON_LITERAL_NULL_CONVERSION = YES;
				CLANG_WARN_OBJC_IMPLICIT_RETAIN_SELF = YES;
				CLANG_WARN_OBJC_LITERAL_CONVERSION = YES;
				CLANG_WARN_OBJC_ROOT_CLASS = YES_ERROR;
				CLANG_WARN_RANGE_LOOP_ANALYSIS = YES;
				CLANG_WARN_STRICT_PROTOTYPES = YES;
				CLANG_WARN_SUSPICIOUS_MOVE = YES;
				CLANG_WARN_UNGUARDED_AVAILABILITY = YES_AGGRESSIVE;
				CLANG_WARN_UNREACHABLE_CODE = YES;
				CLANG_WARN__DUPLICATE_METHOD_MATCH = YES;
				CODE_SIGN_IDENTITY = "iPhone Developer";
				COPY_PHASE_STRIP = NO;
				DEBUG_INFORMATION_FORMAT = dwarf;
				ENABLE_STRICT_OBJC_MSGSEND = YES;
				ENABLE_TESTABILITY = YES;
				GCC_C_LANGUAGE_STANDARD = gnu11;
				GCC_DYNAMIC_NO_PIC = NO;
				GCC_NO_COMMON_BLOCKS = YES;
				GCC_OPTIMIZATION_LEVEL = 0;
				GCC_PREPROCESSOR_DEFINITIONS = (
					"DEBUG=1",
					"$(inherited)",
				);
				GCC_WARN_64_TO_32_BIT_CONVERSION = YES;
				GCC_WARN_ABOUT_RETURN_TYPE = YES_ERROR;
				GCC_WARN_UNDECLARED_SELECTOR = YES;
				GCC_WARN_UNINITIALIZED_AUTOS = YES_AGGRESSIVE;
				GCC_WARN_UNUSED_FUNCTION = YES;
				GCC_WARN_UNUSED_VARIABLE = YES;
				IPHONEOS_DEPLOYMENT_TARGET = 12.1;
				MTL_ENABLE_DEBUG_INFO = INCLUDE_SOURCE;
				MTL_FAST_MATH = YES;
				ONLY_ACTIVE_ARCH = YES;
				SDKROOT = iphoneos;
				SWIFT_ACTIVE_COMPILATION_CONDITIONS = DEBUG;
				SWIFT_OPTIMIZATION_LEVEL = "-Onone";
			};
			name = Debug;
		};
		942B3B9C221EB33000039BAF /* Release */ = {
			isa = XCBuildConfiguration;
			buildSettings = {
				ALWAYS_SEARCH_USER_PATHS = NO;
				CLANG_ANALYZER_NONNULL = YES;
				CLANG_ANALYZER_NUMBER_OBJECT_CONVERSION = YES_AGGRESSIVE;
				CLANG_CXX_LANGUAGE_STANDARD = "gnu++14";
				CLANG_CXX_LIBRARY = "libc++";
				CLANG_ENABLE_MODULES = YES;
				CLANG_ENABLE_OBJC_ARC = YES;
				CLANG_ENABLE_OBJC_WEAK = YES;
				CLANG_WARN_BLOCK_CAPTURE_AUTORELEASING = YES;
				CLANG_WARN_BOOL_CONVERSION = YES;
				CLANG_WARN_COMMA = YES;
				CLANG_WARN_CONSTANT_CONVERSION = YES;
				CLANG_WARN_DEPRECATED_OBJC_IMPLEMENTATIONS = YES;
				CLANG_WARN_DIRECT_OBJC_ISA_USAGE = YES_ERROR;
				CLANG_WARN_DOCUMENTATION_COMMENTS = YES;
				CLANG_WARN_EMPTY_BODY = YES;
				CLANG_WARN_ENUM_CONVERSION = YES;
				CLANG_WARN_INFINITE_RECURSION = YES;
				CLANG_WARN_INT_CONVERSION = YES;
				CLANG_WARN_NON_LITERAL_NULL_CONVERSION = YES;
				CLANG_WARN_OBJC_IMPLICIT_RETAIN_SELF = YES;
				CLANG_WARN_OBJC_LITERAL_CONVERSION = YES;
				CLANG_WARN_OBJC_ROOT_CLASS = YES_ERROR;
				CLANG_WARN_RANGE_LOOP_ANALYSIS = YES;
				CLANG_WARN_STRICT_PROTOTYPES = YES;
				CLANG_WARN_SUSPICIOUS_MOVE = YES;
				CLANG_WARN_UNGUARDED_AVAILABILITY = YES_AGGRESSIVE;
				CLANG_WARN_UNREACHABLE_CODE = YES;
				CLANG_WARN__DUPLICATE_METHOD_MATCH = YES;
				CODE_SIGN_IDENTITY = "iPhone Developer";
				COPY_PHASE_STRIP = NO;
				DEBUG_INFORMATION_FORMAT = "dwarf-with-dsym";
				ENABLE_NS_ASSERTIONS = NO;
				ENABLE_STRICT_OBJC_MSGSEND = YES;
				GCC_C_LANGUAGE_STANDARD = gnu11;
				GCC_NO_COMMON_BLOCKS = YES;
				GCC_WARN_64_TO_32_BIT_CONVERSION = YES;
				GCC_WARN_ABOUT_RETURN_TYPE = YES_ERROR;
				GCC_WARN_UNDECLARED_SELECTOR = YES;
				GCC_WARN_UNINITIALIZED_AUTOS = YES_AGGRESSIVE;
				GCC_WARN_UNUSED_FUNCTION = YES;
				GCC_WARN_UNUSED_VARIABLE = YES;
				IPHONEOS_DEPLOYMENT_TARGET = 12.1;
				MTL_ENABLE_DEBUG_INFO = NO;
				MTL_FAST_MATH = YES;
				SDKROOT = iphoneos;
				SWIFT_COMPILATION_MODE = wholemodule;
				SWIFT_OPTIMIZATION_LEVEL = "-O";
				VALIDATE_PRODUCT = YES;
			};
			name = Release;
		};
		942B3B9E221EB33000039BAF /* Debug */ = {
			isa = XCBuildConfiguration;
			buildSettings = {
				ASSETCATALOG_COMPILER_APPICON_NAME = AppIcon;
				CODE_SIGN_STYLE = Automatic;
				INFOPLIST_FILE = CricketTeamSupriya/Info.plist;
				LD_RUNPATH_SEARCH_PATHS = (
					"$(inherited)",
					"@executable_path/Frameworks",
				);
				PRODUCT_BUNDLE_IDENTIFIER = com.spm.CricketTeamSupriya;
				PRODUCT_NAME = "$(TARGET_NAME)";
				SWIFT_VERSION = 4.2;
				TARGETED_DEVICE_FAMILY = "1,2";
			};
			name = Debug;
		};
		942B3B9F221EB33000039BAF /* Release */ = {
			isa = XCBuildConfiguration;
			buildSettings = {
				ASSETCATALOG_COMPILER_APPICON_NAME = AppIcon;
				CODE_SIGN_STYLE = Automatic;
				INFOPLIST_FILE = CricketTeamSupriya/Info.plist;
				LD_RUNPATH_SEARCH_PATHS = (
					"$(inherited)",
					"@executable_path/Frameworks",
				);
				PRODUCT_BUNDLE_IDENTIFIER = com.spm.CricketTeamSupriya;
				PRODUCT_NAME = "$(TARGET_NAME)";
				SWIFT_VERSION = 4.2;
				TARGETED_DEVICE_FAMILY = "1,2";
			};
			name = Release;
		};
		942B3BA1221EB33000039BAF /* Debug */ = {
			isa = XCBuildConfiguration;
			buildSettings = {
				ALWAYS_EMBED_SWIFT_STANDARD_LIBRARIES = YES;
				BUNDLE_LOADER = "$(TEST_HOST)";
				CODE_SIGN_STYLE = Automatic;
				INFOPLIST_FILE = CricketTeamSupriyaTests/Info.plist;
				LD_RUNPATH_SEARCH_PATHS = (
					"$(inherited)",
					"@executable_path/Frameworks",
					"@loader_path/Frameworks",
				);
				PRODUCT_BUNDLE_IDENTIFIER = com.spm.CricketTeamSupriyaTests;
				PRODUCT_NAME = "$(TARGET_NAME)";
				SWIFT_VERSION = 4.2;
				TARGETED_DEVICE_FAMILY = "1,2";
				TEST_HOST = "$(BUILT_PRODUCTS_DIR)/CricketTeamSupriya.app/CricketTeamSupriya";
			};
			name = Debug;
		};
		942B3BA2221EB33000039BAF /* Release */ = {
			isa = XCBuildConfiguration;
			buildSettings = {
				ALWAYS_EMBED_SWIFT_STANDARD_LIBRARIES = YES;
				BUNDLE_LOADER = "$(TEST_HOST)";
				CODE_SIGN_STYLE = Automatic;
				INFOPLIST_FILE = CricketTeamSupriyaTests/Info.plist;
				LD_RUNPATH_SEARCH_PATHS = (
					"$(inherited)",
					"@executable_path/Frameworks",
					"@loader_path/Frameworks",
				);
				PRODUCT_BUNDLE_IDENTIFIER = com.spm.CricketTeamSupriyaTests;
				PRODUCT_NAME = "$(TARGET_NAME)";
				SWIFT_VERSION = 4.2;
				TARGETED_DEVICE_FAMILY = "1,2";
				TEST_HOST = "$(BUILT_PRODUCTS_DIR)/CricketTeamSupriya.app/CricketTeamSupriya";
			};
			name = Release;
		};
		942B3BA4221EB33000039BAF /* Debug */ = {
			isa = XCBuildConfiguration;
			buildSettings = {
				ALWAYS_EMBED_SWIFT_STANDARD_LIBRARIES = YES;
				CODE_SIGN_STYLE = Automatic;
				INFOPLIST_FILE = CricketTeamSupriyaUITests/Info.plist;
				LD_RUNPATH_SEARCH_PATHS = (
					"$(inherited)",
					"@executable_path/Frameworks",
					"@loader_path/Frameworks",
				);
				PRODUCT_BUNDLE_IDENTIFIER = com.spm.CricketTeamSupriyaUITests;
				PRODUCT_NAME = "$(TARGET_NAME)";
				SWIFT_VERSION = 4.2;
				TARGETED_DEVICE_FAMILY = "1,2";
				TEST_TARGET_NAME = CricketTeamSupriya;
			};
			name = Debug;
		};
		942B3BA5221EB33000039BAF /* Release */ = {
			isa = XCBuildConfiguration;
			buildSettings = {
				ALWAYS_EMBED_SWIFT_STANDARD_LIBRARIES = YES;
				CODE_SIGN_STYLE = Automatic;
				INFOPLIST_FILE = CricketTeamSupriyaUITests/Info.plist;
				LD_RUNPATH_SEARCH_PATHS = (
					"$(inherited)",
					"@executable_path/Frameworks",
					"@loader_path/Frameworks",
				);
				PRODUCT_BUNDLE_IDENTIFIER = com.spm.CricketTeamSupriyaUITests;
				PRODUCT_NAME = "$(TARGET_NAME)";
				SWIFT_VERSION = 4.2;
				TARGETED_DEVICE_FAMILY = "1,2";
				TEST_TARGET_NAME = CricketTeamSupriya;
			};
			name = Release;
		};
/* End XCBuildConfiguration section */

/* Begin XCConfigurationList section */
		942B3B70221EB32E00039BAF /* Build configuration list for PBXProject "CricketTeamSupriya" */ = {
			isa = XCConfigurationList;
			buildConfigurations = (
				942B3B9B221EB33000039BAF /* Debug */,
				942B3B9C221EB33000039BAF /* Release */,
			);
			defaultConfigurationIsVisible = 0;
			defaultConfigurationName = Release;
		};
		942B3B9D221EB33000039BAF /* Build configuration list for PBXNativeTarget "CricketTeamSupriya" */ = {
			isa = XCConfigurationList;
			buildConfigurations = (
				942B3B9E221EB33000039BAF /* Debug */,
				942B3B9F221EB33000039BAF /* Release */,
			);
			defaultConfigurationIsVisible = 0;
			defaultConfigurationName = Release;
		};
		942B3BA0221EB33000039BAF /* Build configuration list for PBXNativeTarget "CricketTeamSupriyaTests" */ = {
			isa = XCConfigurationList;
			buildConfigurations = (
				942B3BA1221EB33000039BAF /* Debug */,
				942B3BA2221EB33000039BAF /* Release */,
			);
			defaultConfigurationIsVisible = 0;
			defaultConfigurationName = Release;
		};
		942B3BA3221EB33000039BAF /* Build configuration list for PBXNativeTarget "CricketTeamSupriyaUITests" */ = {
			isa = XCConfigurationList;
			buildConfigurations = (
				942B3BA4221EB33000039BAF /* Debug */,
				942B3BA5221EB33000039BAF /* Release */,
			);
			defaultConfigurationIsVisible = 0;
			defaultConfigurationName = Release;
		};
/* End XCConfigurationList section */
	};
	rootObject = 942B3B6D221EB32E00039BAF /* Project object */;
}
